// !$*UTF8*$!
{
	archiveVersion = 1;
	classes = {
	};
	objectVersion = 48;
	objects = {

/* Begin PBXBuildFile section */
		45451E7395FB26FDDAB66AB8 /* Pods_EasyTests.framework in Frameworks */ = {isa = PBXBuildFile; fileRef = D26F5241A2A7AD63B64E40EB /* Pods_EasyTests.framework */; };
		4C27D6A7203F456F00863983 /* AppDelegate.swift in Sources */ = {isa = PBXBuildFile; fileRef = 4C27D6A6203F456F00863983 /* AppDelegate.swift */; };
		4C27D6BC203F456F00863983 /* EasyTests.swift in Sources */ = {isa = PBXBuildFile; fileRef = 4C27D6BB203F456F00863983 /* EasyTests.swift */; };
		4C27D6C82040373600863983 /* EasyAPI.swift in Sources */ = {isa = PBXBuildFile; fileRef = 4C27D6C72040373600863983 /* EasyAPI.swift */; };
		4C27D6CA20403F8F00863983 /* MapControllerViewModel.swift in Sources */ = {isa = PBXBuildFile; fileRef = 4C27D6C920403F8F00863983 /* MapControllerViewModel.swift */; };
		4C27D6CC2040403200863983 /* TaxiMarker.swift in Sources */ = {isa = PBXBuildFile; fileRef = 4C27D6CB2040403200863983 /* TaxiMarker.swift */; };
		4C27D6CF20404F2500863983 /* SourceDestinationView.swift in Sources */ = {isa = PBXBuildFile; fileRef = 4C27D6CE20404F2500863983 /* SourceDestinationView.swift */; };
		4C27D6D120404F4A00863983 /* SourceDestinationView.xib in Resources */ = {isa = PBXBuildFile; fileRef = 4C27D6D020404F4A00863983 /* SourceDestinationView.xib */; };
		4C4B25C0204429F900082D0D /* AddressSearchController.swift in Sources */ = {isa = PBXBuildFile; fileRef = 4C4B25BF204429F900082D0D /* AddressSearchController.swift */; };
		4C4B25C220442A0D00082D0D /* AddressSearchViewModel.swift in Sources */ = {isa = PBXBuildFile; fileRef = 4C4B25C120442A0D00082D0D /* AddressSearchViewModel.swift */; };
		4CBF369420447F1700CD2DB9 /* AdressesPredictionTableViewCell.swift in Sources */ = {isa = PBXBuildFile; fileRef = 4CBF369220447F1700CD2DB9 /* AdressesPredictionTableViewCell.swift */; };
		4CBF369520447F1700CD2DB9 /* AdressesPredictionTableViewCell.xib in Resources */ = {isa = PBXBuildFile; fileRef = 4CBF369320447F1700CD2DB9 /* AdressesPredictionTableViewCell.xib */; };
		4CBF36972044839500CD2DB9 /* UITableViewExtension.swift in Sources */ = {isa = PBXBuildFile; fileRef = 4CBF36962044839500CD2DB9 /* UITableViewExtension.swift */; };
		59066A82E204D41928696A4B /* Pods_Easy.framework in Frameworks */ = {isa = PBXBuildFile; fileRef = E86FE2ADA7175569A9880340 /* Pods_Easy.framework */; };
		DE2A432C203F983300949DB0 /* Assets.xcassets in Resources */ = {isa = PBXBuildFile; fileRef = DE2A4329203F983300949DB0 /* Assets.xcassets */; };
		DE2A432D203F983300949DB0 /* LaunchScreen.storyboard in Resources */ = {isa = PBXBuildFile; fileRef = DE2A432A203F983300949DB0 /* LaunchScreen.storyboard */; };
		DE2A432F203F989900949DB0 /* Coordinator.swift in Sources */ = {isa = PBXBuildFile; fileRef = DE2A432E203F989900949DB0 /* Coordinator.swift */; };
		DE2A4333203F9E5100949DB0 /* MapController.swift in Sources */ = {isa = PBXBuildFile; fileRef = DE2A4331203F9E5100949DB0 /* MapController.swift */; };
		DE2A4334203F9E5100949DB0 /* MapController.xib in Resources */ = {isa = PBXBuildFile; fileRef = DE2A4332203F9E5100949DB0 /* MapController.xib */; };
		DE2A4336203FA04000949DB0 /* UserLocationManager.swift in Sources */ = {isa = PBXBuildFile; fileRef = DE2A4335203FA04000949DB0 /* UserLocationManager.swift */; };
		DE2A433920437DDB00949DB0 /* UIAlertControllerExtension.swift in Sources */ = {isa = PBXBuildFile; fileRef = DE2A433820437DDB00949DB0 /* UIAlertControllerExtension.swift */; };
		DE2A433C2043953300949DB0 /* Address.swift in Sources */ = {isa = PBXBuildFile; fileRef = DE2A433B2043953300949DB0 /* Address.swift */; };
/* End PBXBuildFile section */

/* Begin PBXContainerItemProxy section */
		4C27D6B8203F456F00863983 /* PBXContainerItemProxy */ = {
			isa = PBXContainerItemProxy;
			containerPortal = 4C27D69B203F456F00863983 /* Project object */;
			proxyType = 1;
			remoteGlobalIDString = 4C27D6A2203F456F00863983;
			remoteInfo = Easy;
		};
/* End PBXContainerItemProxy section */

/* Begin PBXFileReference section */
		3B65230CA443830A3A61A40D /* Pods-EasyTests.debug.xcconfig */ = {isa = PBXFileReference; includeInIndex = 1; lastKnownFileType = text.xcconfig; name = "Pods-EasyTests.debug.xcconfig"; path = "Pods/Target Support Files/Pods-EasyTests/Pods-EasyTests.debug.xcconfig"; sourceTree = "<group>"; };
		4C27D6A3203F456F00863983 /* Easy.app */ = {isa = PBXFileReference; explicitFileType = wrapper.application; includeInIndex = 0; path = Easy.app; sourceTree = BUILT_PRODUCTS_DIR; };
		4C27D6A6203F456F00863983 /* AppDelegate.swift */ = {isa = PBXFileReference; lastKnownFileType = sourcecode.swift; path = AppDelegate.swift; sourceTree = "<group>"; };
		4C27D6B2203F456F00863983 /* Info.plist */ = {isa = PBXFileReference; lastKnownFileType = text.plist.xml; path = Info.plist; sourceTree = "<group>"; };
		4C27D6B7203F456F00863983 /* EasyTests.xctest */ = {isa = PBXFileReference; explicitFileType = wrapper.cfbundle; includeInIndex = 0; path = EasyTests.xctest; sourceTree = BUILT_PRODUCTS_DIR; };
		4C27D6BB203F456F00863983 /* EasyTests.swift */ = {isa = PBXFileReference; lastKnownFileType = sourcecode.swift; path = EasyTests.swift; sourceTree = "<group>"; };
		4C27D6BD203F456F00863983 /* Info.plist */ = {isa = PBXFileReference; lastKnownFileType = text.plist.xml; path = Info.plist; sourceTree = "<group>"; };
		4C27D6C72040373600863983 /* EasyAPI.swift */ = {isa = PBXFileReference; lastKnownFileType = sourcecode.swift; path = EasyAPI.swift; sourceTree = "<group>"; };
		4C27D6C920403F8F00863983 /* MapControllerViewModel.swift */ = {isa = PBXFileReference; lastKnownFileType = sourcecode.swift; path = MapControllerViewModel.swift; sourceTree = "<group>"; };
		4C27D6CB2040403200863983 /* TaxiMarker.swift */ = {isa = PBXFileReference; lastKnownFileType = sourcecode.swift; path = TaxiMarker.swift; sourceTree = "<group>"; };
		4C27D6CE20404F2500863983 /* SourceDestinationView.swift */ = {isa = PBXFileReference; lastKnownFileType = sourcecode.swift; path = SourceDestinationView.swift; sourceTree = "<group>"; };
		4C27D6D020404F4A00863983 /* SourceDestinationView.xib */ = {isa = PBXFileReference; lastKnownFileType = file.xib; path = SourceDestinationView.xib; sourceTree = "<group>"; };
		4C4B25BF204429F900082D0D /* AddressSearchController.swift */ = {isa = PBXFileReference; lastKnownFileType = sourcecode.swift; path = AddressSearchController.swift; sourceTree = "<group>"; };
		4C4B25C120442A0D00082D0D /* AddressSearchViewModel.swift */ = {isa = PBXFileReference; lastKnownFileType = sourcecode.swift; path = AddressSearchViewModel.swift; sourceTree = "<group>"; };
		4CBF369220447F1700CD2DB9 /* AdressesPredictionTableViewCell.swift */ = {isa = PBXFileReference; lastKnownFileType = sourcecode.swift; path = AdressesPredictionTableViewCell.swift; sourceTree = "<group>"; };
		4CBF369320447F1700CD2DB9 /* AdressesPredictionTableViewCell.xib */ = {isa = PBXFileReference; lastKnownFileType = file.xib; path = AdressesPredictionTableViewCell.xib; sourceTree = "<group>"; };
		4CBF36962044839500CD2DB9 /* UITableViewExtension.swift */ = {isa = PBXFileReference; lastKnownFileType = sourcecode.swift; path = UITableViewExtension.swift; sourceTree = "<group>"; };
		92B99FAFD21F5562973836B1 /* Pods-Easy.release.xcconfig */ = {isa = PBXFileReference; includeInIndex = 1; lastKnownFileType = text.xcconfig; name = "Pods-Easy.release.xcconfig"; path = "Pods/Target Support Files/Pods-Easy/Pods-Easy.release.xcconfig"; sourceTree = "<group>"; };
		B4FE9A78A53B907985B5F36B /* Pods-EasyTests.release.xcconfig */ = {isa = PBXFileReference; includeInIndex = 1; lastKnownFileType = text.xcconfig; name = "Pods-EasyTests.release.xcconfig"; path = "Pods/Target Support Files/Pods-EasyTests/Pods-EasyTests.release.xcconfig"; sourceTree = "<group>"; };
		D26F5241A2A7AD63B64E40EB /* Pods_EasyTests.framework */ = {isa = PBXFileReference; explicitFileType = wrapper.framework; includeInIndex = 0; path = Pods_EasyTests.framework; sourceTree = BUILT_PRODUCTS_DIR; };
		D4F6CD2A4FAC4C44FE9F9F1B /* Pods-Easy.debug.xcconfig */ = {isa = PBXFileReference; includeInIndex = 1; lastKnownFileType = text.xcconfig; name = "Pods-Easy.debug.xcconfig"; path = "Pods/Target Support Files/Pods-Easy/Pods-Easy.debug.xcconfig"; sourceTree = "<group>"; };
		DE2A4329203F983300949DB0 /* Assets.xcassets */ = {isa = PBXFileReference; lastKnownFileType = folder.assetcatalog; path = Assets.xcassets; sourceTree = "<group>"; };
		DE2A432B203F983300949DB0 /* Base */ = {isa = PBXFileReference; lastKnownFileType = file.storyboard; name = Base; path = Base.lproj/LaunchScreen.storyboard; sourceTree = "<group>"; };
		DE2A432E203F989900949DB0 /* Coordinator.swift */ = {isa = PBXFileReference; lastKnownFileType = sourcecode.swift; path = Coordinator.swift; sourceTree = "<group>"; };
		DE2A4331203F9E5100949DB0 /* MapController.swift */ = {isa = PBXFileReference; lastKnownFileType = sourcecode.swift; path = MapController.swift; sourceTree = "<group>"; };
		DE2A4332203F9E5100949DB0 /* MapController.xib */ = {isa = PBXFileReference; lastKnownFileType = file.xib; path = MapController.xib; sourceTree = "<group>"; };
		DE2A4335203FA04000949DB0 /* UserLocationManager.swift */ = {isa = PBXFileReference; lastKnownFileType = sourcecode.swift; path = UserLocationManager.swift; sourceTree = "<group>"; };
		DE2A433820437DDB00949DB0 /* UIAlertControllerExtension.swift */ = {isa = PBXFileReference; lastKnownFileType = sourcecode.swift; path = UIAlertControllerExtension.swift; sourceTree = "<group>"; };
		DE2A433B2043953300949DB0 /* Address.swift */ = {isa = PBXFileReference; lastKnownFileType = sourcecode.swift; path = Address.swift; sourceTree = "<group>"; };
		E86FE2ADA7175569A9880340 /* Pods_Easy.framework */ = {isa = PBXFileReference; explicitFileType = wrapper.framework; includeInIndex = 0; path = Pods_Easy.framework; sourceTree = BUILT_PRODUCTS_DIR; };
/* End PBXFileReference section */

/* Begin PBXFrameworksBuildPhase section */
		4C27D6A0203F456F00863983 /* Frameworks */ = {
			isa = PBXFrameworksBuildPhase;
			buildActionMask = 2147483647;
			files = (
				59066A82E204D41928696A4B /* Pods_Easy.framework in Frameworks */,
			);
			runOnlyForDeploymentPostprocessing = 0;
		};
		4C27D6B4203F456F00863983 /* Frameworks */ = {
			isa = PBXFrameworksBuildPhase;
			buildActionMask = 2147483647;
			files = (
				45451E7395FB26FDDAB66AB8 /* Pods_EasyTests.framework in Frameworks */,
			);
			runOnlyForDeploymentPostprocessing = 0;
		};
/* End PBXFrameworksBuildPhase section */

/* Begin PBXGroup section */
		4C27D69A203F456F00863983 = {
			isa = PBXGroup;
			children = (
				4C27D6A5203F456F00863983 /* Easy */,
				4C27D6BA203F456F00863983 /* EasyTests */,
				4C27D6A4203F456F00863983 /* Products */,
				D85B1324DF49515E469F7F4A /* Pods */,
				75C685BE51FED2A4A302941D /* Frameworks */,
			);
			sourceTree = "<group>";
		};
		4C27D6A4203F456F00863983 /* Products */ = {
			isa = PBXGroup;
			children = (
				4C27D6A3203F456F00863983 /* Easy.app */,
				4C27D6B7203F456F00863983 /* EasyTests.xctest */,
			);
			name = Products;
			sourceTree = "<group>";
		};
		4C27D6A5203F456F00863983 /* Easy */ = {
			isa = PBXGroup;
			children = (
				4C27D6A6203F456F00863983 /* AppDelegate.swift */,
				DE2A432E203F989900949DB0 /* Coordinator.swift */,
				4C27D6C62040372E00863983 /* Network */,
				DE2A4330203F9E3C00949DB0 /* Map Controller */,
				4C4B25BE204429DF00082D0D /* AddressSearchController */,
				DE2A433720437DD400949DB0 /* Extensions */,
				DE2A4328203F983300949DB0 /* Resources */,
			);
			path = Easy;
			sourceTree = "<group>";
		};
		4C27D6BA203F456F00863983 /* EasyTests */ = {
			isa = PBXGroup;
			children = (
				4C27D6BB203F456F00863983 /* EasyTests.swift */,
				4C27D6BD203F456F00863983 /* Info.plist */,
			);
			path = EasyTests;
			sourceTree = "<group>";
		};
		4C27D6C62040372E00863983 /* Network */ = {
			isa = PBXGroup;
			children = (
				4C27D6C72040373600863983 /* EasyAPI.swift */,
			);
			path = Network;
			sourceTree = "<group>";
		};
		4C27D6CD20404EFC00863983 /* Components */ = {
			isa = PBXGroup;
			children = (
				4C27D6CE20404F2500863983 /* SourceDestinationView.swift */,
				4C27D6D020404F4A00863983 /* SourceDestinationView.xib */,
			);
			path = Components;
			sourceTree = "<group>";
		};
		4C4B25BE204429DF00082D0D /* AddressSearchController */ = {
			isa = PBXGroup;
			children = (
				4CBF369120447EE300CD2DB9 /* Components */,
				4C4B25BF204429F900082D0D /* AddressSearchController.swift */,
				4C4B25C120442A0D00082D0D /* AddressSearchViewModel.swift */,
			);
			path = AddressSearchController;
			sourceTree = "<group>";
		};
		4CBF369120447EE300CD2DB9 /* Components */ = {
			isa = PBXGroup;
			children = (
				4CBF369220447F1700CD2DB9 /* AdressesPredictionTableViewCell.swift */,
				4CBF369320447F1700CD2DB9 /* AdressesPredictionTableViewCell.xib */,
			);
			path = Components;
			sourceTree = "<group>";
		};
		75C685BE51FED2A4A302941D /* Frameworks */ = {
			isa = PBXGroup;
			children = (
				E86FE2ADA7175569A9880340 /* Pods_Easy.framework */,
				D26F5241A2A7AD63B64E40EB /* Pods_EasyTests.framework */,
			);
			name = Frameworks;
			sourceTree = "<group>";
		};
		D85B1324DF49515E469F7F4A /* Pods */ = {
			isa = PBXGroup;
			children = (
				D4F6CD2A4FAC4C44FE9F9F1B /* Pods-Easy.debug.xcconfig */,
				92B99FAFD21F5562973836B1 /* Pods-Easy.release.xcconfig */,
				3B65230CA443830A3A61A40D /* Pods-EasyTests.debug.xcconfig */,
				B4FE9A78A53B907985B5F36B /* Pods-EasyTests.release.xcconfig */,
			);
			name = Pods;
			sourceTree = "<group>";
		};
		DE2A4328203F983300949DB0 /* Resources */ = {
			isa = PBXGroup;
			children = (
				DE2A4329203F983300949DB0 /* Assets.xcassets */,
				DE2A432A203F983300949DB0 /* LaunchScreen.storyboard */,
				4C27D6B2203F456F00863983 /* Info.plist */,
			);
			path = Resources;
			sourceTree = "<group>";
		};
		DE2A4330203F9E3C00949DB0 /* Map Controller */ = {
			isa = PBXGroup;
			children = (
				DE2A433A2043952400949DB0 /* Models */,
				4C27D6CD20404EFC00863983 /* Components */,
				DE2A4331203F9E5100949DB0 /* MapController.swift */,
				DE2A4332203F9E5100949DB0 /* MapController.xib */,
				4C27D6C920403F8F00863983 /* MapControllerViewModel.swift */,
				4C27D6CB2040403200863983 /* TaxiMarker.swift */,
				DE2A4335203FA04000949DB0 /* UserLocationManager.swift */,
			);
			path = "Map Controller";
			sourceTree = "<group>";
		};
		DE2A433720437DD400949DB0 /* Extensions */ = {
			isa = PBXGroup;
			children = (
				DE2A433820437DDB00949DB0 /* UIAlertControllerExtension.swift */,
				4CBF36962044839500CD2DB9 /* UITableViewExtension.swift */,
			);
			path = Extensions;
			sourceTree = "<group>";
		};
		DE2A433A2043952400949DB0 /* Models */ = {
			isa = PBXGroup;
			children = (
				DE2A433B2043953300949DB0 /* Address.swift */,
			);
			name = Models;
			path = Easy/Models;
			sourceTree = SOURCE_ROOT;
		};
/* End PBXGroup section */

/* Begin PBXNativeTarget section */
		4C27D6A2203F456F00863983 /* Easy */ = {
			isa = PBXNativeTarget;
			buildConfigurationList = 4C27D6C0203F456F00863983 /* Build configuration list for PBXNativeTarget "Easy" */;
			buildPhases = (
				25CA350941248CAEF38AE857 /* [CP] Check Pods Manifest.lock */,
				4C27D69F203F456F00863983 /* Sources */,
				4C27D6A0203F456F00863983 /* Frameworks */,
				4C27D6A1203F456F00863983 /* Resources */,
				51E1627FB7E19B8F11DE7FB3 /* [CP] Embed Pods Frameworks */,
				9E62D43A4772D4554216A2CD /* [CP] Copy Pods Resources */,
			);
			buildRules = (
			);
			dependencies = (
			);
			name = Easy;
			productName = Easy;
			productReference = 4C27D6A3203F456F00863983 /* Easy.app */;
			productType = "com.apple.product-type.application";
		};
		4C27D6B6203F456F00863983 /* EasyTests */ = {
			isa = PBXNativeTarget;
			buildConfigurationList = 4C27D6C3203F456F00863983 /* Build configuration list for PBXNativeTarget "EasyTests" */;
			buildPhases = (
				48B2BF9882A2508784D083F0 /* [CP] Check Pods Manifest.lock */,
				4C27D6B3203F456F00863983 /* Sources */,
				4C27D6B4203F456F00863983 /* Frameworks */,
				4C27D6B5203F456F00863983 /* Resources */,
				430120C3007887FAC0602F19 /* [CP] Embed Pods Frameworks */,
				729EDD979E3DB2348F2704D5 /* [CP] Copy Pods Resources */,
			);
			buildRules = (
			);
			dependencies = (
				4C27D6B9203F456F00863983 /* PBXTargetDependency */,
			);
			name = EasyTests;
			productName = EasyTests;
			productReference = 4C27D6B7203F456F00863983 /* EasyTests.xctest */;
			productType = "com.apple.product-type.bundle.unit-test";
		};
/* End PBXNativeTarget section */

/* Begin PBXProject section */
		4C27D69B203F456F00863983 /* Project object */ = {
			isa = PBXProject;
			attributes = {
				LastSwiftUpdateCheck = 0920;
				LastUpgradeCheck = 0920;
				ORGANIZATIONNAME = "Lucas Novaes";
				TargetAttributes = {
					4C27D6A2203F456F00863983 = {
						CreatedOnToolsVersion = 9.2;
						ProvisioningStyle = Automatic;
					};
					4C27D6B6203F456F00863983 = {
						CreatedOnToolsVersion = 9.2;
						ProvisioningStyle = Automatic;
						TestTargetID = 4C27D6A2203F456F00863983;
					};
				};
			};
			buildConfigurationList = 4C27D69E203F456F00863983 /* Build configuration list for PBXProject "Easy" */;
			compatibilityVersion = "Xcode 8.0";
			developmentRegion = en;
			hasScannedForEncodings = 0;
			knownRegions = (
				en,
				Base,
			);
			mainGroup = 4C27D69A203F456F00863983;
			productRefGroup = 4C27D6A4203F456F00863983 /* Products */;
			projectDirPath = "";
			projectRoot = "";
			targets = (
				4C27D6A2203F456F00863983 /* Easy */,
				4C27D6B6203F456F00863983 /* EasyTests */,
			);
		};
/* End PBXProject section */

/* Begin PBXResourcesBuildPhase section */
		4C27D6A1203F456F00863983 /* Resources */ = {
			isa = PBXResourcesBuildPhase;
			buildActionMask = 2147483647;
			files = (
				4C27D6D120404F4A00863983 /* SourceDestinationView.xib in Resources */,
				4CBF369520447F1700CD2DB9 /* AdressesPredictionTableViewCell.xib in Resources */,
				DE2A4334203F9E5100949DB0 /* MapController.xib in Resources */,
				DE2A432C203F983300949DB0 /* Assets.xcassets in Resources */,
				DE2A432D203F983300949DB0 /* LaunchScreen.storyboard in Resources */,
			);
			runOnlyForDeploymentPostprocessing = 0;
		};
		4C27D6B5203F456F00863983 /* Resources */ = {
			isa = PBXResourcesBuildPhase;
			buildActionMask = 2147483647;
			files = (
			);
			runOnlyForDeploymentPostprocessing = 0;
		};
/* End PBXResourcesBuildPhase section */

/* Begin PBXShellScriptBuildPhase section */
		25CA350941248CAEF38AE857 /* [CP] Check Pods Manifest.lock */ = {
			isa = PBXShellScriptBuildPhase;
			buildActionMask = 2147483647;
			files = (
			);
			inputPaths = (
				"${PODS_PODFILE_DIR_PATH}/Podfile.lock",
				"${PODS_ROOT}/Manifest.lock",
			);
			name = "[CP] Check Pods Manifest.lock";
			outputPaths = (
				"$(DERIVED_FILE_DIR)/Pods-Easy-checkManifestLockResult.txt",
			);
			runOnlyForDeploymentPostprocessing = 0;
			shellPath = /bin/sh;
			shellScript = "diff \"${PODS_PODFILE_DIR_PATH}/Podfile.lock\" \"${PODS_ROOT}/Manifest.lock\" > /dev/null\nif [ $? != 0 ] ; then\n    # print error to STDERR\n    echo \"error: The sandbox is not in sync with the Podfile.lock. Run 'pod install' or update your CocoaPods installation.\" >&2\n    exit 1\nfi\n# This output is used by Xcode 'outputs' to avoid re-running this script phase.\necho \"SUCCESS\" > \"${SCRIPT_OUTPUT_FILE_0}\"\n";
			showEnvVarsInLog = 0;
		};
		430120C3007887FAC0602F19 /* [CP] Embed Pods Frameworks */ = {
			isa = PBXShellScriptBuildPhase;
			buildActionMask = 2147483647;
			files = (
			);
			inputPaths = (
			);
			name = "[CP] Embed Pods Frameworks";
			outputPaths = (
			);
			runOnlyForDeploymentPostprocessing = 0;
			shellPath = /bin/sh;
			shellScript = "\"${SRCROOT}/Pods/Target Support Files/Pods-EasyTests/Pods-EasyTests-frameworks.sh\"\n";
			showEnvVarsInLog = 0;
		};
		48B2BF9882A2508784D083F0 /* [CP] Check Pods Manifest.lock */ = {
			isa = PBXShellScriptBuildPhase;
			buildActionMask = 2147483647;
			files = (
			);
			inputPaths = (
				"${PODS_PODFILE_DIR_PATH}/Podfile.lock",
				"${PODS_ROOT}/Manifest.lock",
			);
			name = "[CP] Check Pods Manifest.lock";
			outputPaths = (
				"$(DERIVED_FILE_DIR)/Pods-EasyTests-checkManifestLockResult.txt",
			);
			runOnlyForDeploymentPostprocessing = 0;
			shellPath = /bin/sh;
			shellScript = "diff \"${PODS_PODFILE_DIR_PATH}/Podfile.lock\" \"${PODS_ROOT}/Manifest.lock\" > /dev/null\nif [ $? != 0 ] ; then\n    # print error to STDERR\n    echo \"error: The sandbox is not in sync with the Podfile.lock. Run 'pod install' or update your CocoaPods installation.\" >&2\n    exit 1\nfi\n# This output is used by Xcode 'outputs' to avoid re-running this script phase.\necho \"SUCCESS\" > \"${SCRIPT_OUTPUT_FILE_0}\"\n";
			showEnvVarsInLog = 0;
		};
		51E1627FB7E19B8F11DE7FB3 /* [CP] Embed Pods Frameworks */ = {
			isa = PBXShellScriptBuildPhase;
			buildActionMask = 2147483647;
			files = (
			);
			inputPaths = (
			);
			name = "[CP] Embed Pods Frameworks";
			outputPaths = (
			);
			runOnlyForDeploymentPostprocessing = 0;
			shellPath = /bin/sh;
			shellScript = "\"${SRCROOT}/Pods/Target Support Files/Pods-Easy/Pods-Easy-frameworks.sh\"\n";
			showEnvVarsInLog = 0;
		};
		729EDD979E3DB2348F2704D5 /* [CP] Copy Pods Resources */ = {
			isa = PBXShellScriptBuildPhase;
			buildActionMask = 2147483647;
			files = (
			);
			inputPaths = (
			);
			name = "[CP] Copy Pods Resources";
			outputPaths = (
			);
			runOnlyForDeploymentPostprocessing = 0;
			shellPath = /bin/sh;
			shellScript = "\"${SRCROOT}/Pods/Target Support Files/Pods-EasyTests/Pods-EasyTests-resources.sh\"\n";
			showEnvVarsInLog = 0;
		};
		9E62D43A4772D4554216A2CD /* [CP] Copy Pods Resources */ = {
			isa = PBXShellScriptBuildPhase;
			buildActionMask = 2147483647;
			files = (
			);
			inputPaths = (
				"${SRCROOT}/Pods/Target Support Files/Pods-Easy/Pods-Easy-resources.sh",
				"${PODS_ROOT}/GoogleMaps/Maps/Frameworks/GoogleMaps.framework/Resources/GoogleMaps.bundle",
				"${PODS_ROOT}/GooglePlaces/Frameworks/GooglePlaces.framework/Resources/GooglePlaces.bundle",
			);
			name = "[CP] Copy Pods Resources";
			outputPaths = (
				"${TARGET_BUILD_DIR}/${UNLOCALIZED_RESOURCES_FOLDER_PATH}",
			);
			runOnlyForDeploymentPostprocessing = 0;
			shellPath = /bin/sh;
			shellScript = "\"${SRCROOT}/Pods/Target Support Files/Pods-Easy/Pods-Easy-resources.sh\"\n";
			showEnvVarsInLog = 0;
		};
/* End PBXShellScriptBuildPhase section */

/* Begin PBXSourcesBuildPhase section */
		4C27D69F203F456F00863983 /* Sources */ = {
			isa = PBXSourcesBuildPhase;
			buildActionMask = 2147483647;
			files = (
				DE2A432F203F989900949DB0 /* Coordinator.swift in Sources */,
				4C27D6C82040373600863983 /* EasyAPI.swift in Sources */,
				DE2A4333203F9E5100949DB0 /* MapController.swift in Sources */,
				4C27D6CC2040403200863983 /* TaxiMarker.swift in Sources */,
				DE2A433C2043953300949DB0 /* Address.swift in Sources */,
				4C27D6CF20404F2500863983 /* SourceDestinationView.swift in Sources */,
				4C4B25C220442A0D00082D0D /* AddressSearchViewModel.swift in Sources */,
				4CBF369420447F1700CD2DB9 /* AdressesPredictionTableViewCell.swift in Sources */,
				4C27D6A7203F456F00863983 /* AppDelegate.swift in Sources */,
				4C4B25C0204429F900082D0D /* AddressSearchController.swift in Sources */,
				DE2A4336203FA04000949DB0 /* UserLocationManager.swift in Sources */,
				DE2A433920437DDB00949DB0 /* UIAlertControllerExtension.swift in Sources */,
				4C27D6CA20403F8F00863983 /* MapControllerViewModel.swift in Sources */,
				4CBF36972044839500CD2DB9 /* UITableViewExtension.swift in Sources */,
			);
			runOnlyForDeploymentPostprocessing = 0;
		};
		4C27D6B3203F456F00863983 /* Sources */ = {
			isa = PBXSourcesBuildPhase;
			buildActionMask = 2147483647;
			files = (
				4C27D6BC203F456F00863983 /* EasyTests.swift in Sources */,
			);
			runOnlyForDeploymentPostprocessing = 0;
		};
/* End PBXSourcesBuildPhase section */

/* Begin PBXTargetDependency section */
		4C27D6B9203F456F00863983 /* PBXTargetDependency */ = {
			isa = PBXTargetDependency;
			target = 4C27D6A2203F456F00863983 /* Easy */;
			targetProxy = 4C27D6B8203F456F00863983 /* PBXContainerItemProxy */;
		};
/* End PBXTargetDependency section */

/* Begin PBXVariantGroup section */
		DE2A432A203F983300949DB0 /* LaunchScreen.storyboard */ = {
			isa = PBXVariantGroup;
			children = (
				DE2A432B203F983300949DB0 /* Base */,
			);
			name = LaunchScreen.storyboard;
			sourceTree = "<group>";
		};
/* End PBXVariantGroup section */

/* Begin XCBuildConfiguration section */
		4C27D6BE203F456F00863983 /* Debug */ = {
			isa = XCBuildConfiguration;
			buildSettings = {
				ALWAYS_SEARCH_USER_PATHS = NO;
				CLANG_ANALYZER_NONNULL = YES;
				CLANG_ANALYZER_NUMBER_OBJECT_CONVERSION = YES_AGGRESSIVE;
				CLANG_CXX_LANGUAGE_STANDARD = "gnu++14";
				CLANG_CXX_LIBRARY = "libc++";
				CLANG_ENABLE_MODULES = YES;
				CLANG_ENABLE_OBJC_ARC = YES;
				CLANG_WARN_BLOCK_CAPTURE_AUTORELEASING = YES;
				CLANG_WARN_BOOL_CONVERSION = YES;
				CLANG_WARN_COMMA = YES;
				CLANG_WARN_CONSTANT_CONVERSION = YES;
				CLANG_WARN_DIRECT_OBJC_ISA_USAGE = YES_ERROR;
				CLANG_WARN_DOCUMENTATION_COMMENTS = YES;
				CLANG_WARN_EMPTY_BODY = YES;
				CLANG_WARN_ENUM_CONVERSION = YES;
				CLANG_WARN_INFINITE_RECURSION = YES;
				CLANG_WARN_INT_CONVERSION = YES;
				CLANG_WARN_NON_LITERAL_NULL_CONVERSION = YES;
				CLANG_WARN_OBJC_LITERAL_CONVERSION = YES;
				CLANG_WARN_OBJC_ROOT_CLASS = YES_ERROR;
				CLANG_WARN_RANGE_LOOP_ANALYSIS = YES;
				CLANG_WARN_STRICT_PROTOTYPES = YES;
				CLANG_WARN_SUSPICIOUS_MOVE = YES;
				CLANG_WARN_UNGUARDED_AVAILABILITY = YES_AGGRESSIVE;
				CLANG_WARN_UNREACHABLE_CODE = YES;
				CLANG_WARN__DUPLICATE_METHOD_MATCH = YES;
				CODE_SIGN_IDENTITY = "iPhone Developer";
				COPY_PHASE_STRIP = NO;
				DEBUG_INFORMATION_FORMAT = dwarf;
				ENABLE_STRICT_OBJC_MSGSEND = YES;
				ENABLE_TESTABILITY = YES;
				GCC_C_LANGUAGE_STANDARD = gnu11;
				GCC_DYNAMIC_NO_PIC = NO;
				GCC_NO_COMMON_BLOCKS = YES;
				GCC_OPTIMIZATION_LEVEL = 0;
				GCC_PREPROCESSOR_DEFINITIONS = (
					"DEBUG=1",
					"$(inherited)",
				);
				GCC_WARN_64_TO_32_BIT_CONVERSION = YES;
				GCC_WARN_ABOUT_RETURN_TYPE = YES_ERROR;
				GCC_WARN_UNDECLARED_SELECTOR = YES;
				GCC_WARN_UNINITIALIZED_AUTOS = YES_AGGRESSIVE;
				GCC_WARN_UNUSED_FUNCTION = YES;
				GCC_WARN_UNUSED_VARIABLE = YES;
				IPHONEOS_DEPLOYMENT_TARGET = 11.2;
				MTL_ENABLE_DEBUG_INFO = YES;
				ONLY_ACTIVE_ARCH = YES;
				SDKROOT = iphoneos;
				SWIFT_ACTIVE_COMPILATION_CONDITIONS = DEBUG;
				SWIFT_OPTIMIZATION_LEVEL = "-Onone";
			};
			name = Debug;
		};
		4C27D6BF203F456F00863983 /* Release */ = {
			isa = XCBuildConfiguration;
			buildSettings = {
				ALWAYS_SEARCH_USER_PATHS = NO;
				CLANG_ANALYZER_NONNULL = YES;
				CLANG_ANALYZER_NUMBER_OBJECT_CONVERSION = YES_AGGRESSIVE;
				CLANG_CXX_LANGUAGE_STANDARD = "gnu++14";
				CLANG_CXX_LIBRARY = "libc++";
				CLANG_ENABLE_MODULES = YES;
				CLANG_ENABLE_OBJC_ARC = YES;
				CLANG_WARN_BLOCK_CAPTURE_AUTORELEASING = YES;
				CLANG_WARN_BOOL_CONVERSION = YES;
				CLANG_WARN_COMMA = YES;
				CLANG_WARN_CONSTANT_CONVERSION = YES;
				CLANG_WARN_DIRECT_OBJC_ISA_USAGE = YES_ERROR;
				CLANG_WARN_DOCUMENTATION_COMMENTS = YES;
				CLANG_WARN_EMPTY_BODY = YES;
				CLANG_WARN_ENUM_CONVERSION = YES;
				CLANG_WARN_INFINITE_RECURSION = YES;
				CLANG_WARN_INT_CONVERSION = YES;
				CLANG_WARN_NON_LITERAL_NULL_CONVERSION = YES;
				CLANG_WARN_OBJC_LITERAL_CONVERSION = YES;
				CLANG_WARN_OBJC_ROOT_CLASS = YES_ERROR;
				CLANG_WARN_RANGE_LOOP_ANALYSIS = YES;
				CLANG_WARN_STRICT_PROTOTYPES = YES;
				CLANG_WARN_SUSPICIOUS_MOVE = YES;
				CLANG_WARN_UNGUARDED_AVAILABILITY = YES_AGGRESSIVE;
				CLANG_WARN_UNREACHABLE_CODE = YES;
				CLANG_WARN__DUPLICATE_METHOD_MATCH = YES;
				CODE_SIGN_IDENTITY = "iPhone Developer";
				COPY_PHASE_STRIP = NO;
				DEBUG_INFORMATION_FORMAT = "dwarf-with-dsym";
				ENABLE_NS_ASSERTIONS = NO;
				ENABLE_STRICT_OBJC_MSGSEND = YES;
				GCC_C_LANGUAGE_STANDARD = gnu11;
				GCC_NO_COMMON_BLOCKS = YES;
				GCC_WARN_64_TO_32_BIT_CONVERSION = YES;
				GCC_WARN_ABOUT_RETURN_TYPE = YES_ERROR;
				GCC_WARN_UNDECLARED_SELECTOR = YES;
				GCC_WARN_UNINITIALIZED_AUTOS = YES_AGGRESSIVE;
				GCC_WARN_UNUSED_FUNCTION = YES;
				GCC_WARN_UNUSED_VARIABLE = YES;
				IPHONEOS_DEPLOYMENT_TARGET = 11.2;
				MTL_ENABLE_DEBUG_INFO = NO;
				SDKROOT = iphoneos;
				SWIFT_OPTIMIZATION_LEVEL = "-Owholemodule";
				VALIDATE_PRODUCT = YES;
			};
			name = Release;
		};
		4C27D6C1203F456F00863983 /* Debug */ = {
			isa = XCBuildConfiguration;
			baseConfigurationReference = D4F6CD2A4FAC4C44FE9F9F1B /* Pods-Easy.debug.xcconfig */;
			buildSettings = {
				ASSETCATALOG_COMPILER_APPICON_NAME = AppIcon;
				CODE_SIGN_STYLE = Automatic;
				DEVELOPMENT_TEAM = 3D28X37A5K;
				INFOPLIST_FILE = "$(SRCROOT)/Easy/Resources/Info.plist";
				IPHONEOS_DEPLOYMENT_TARGET = 9.1;
				LD_RUNPATH_SEARCH_PATHS = "$(inherited) @executable_path/Frameworks";
				PRODUCT_BUNDLE_IDENTIFIER = com.novaes.easy.taxi;
				PRODUCT_NAME = "$(TARGET_NAME)";
				SWIFT_VERSION = 4.0;
				TARGETED_DEVICE_FAMILY = 1;
			};
			name = Debug;
		};
		4C27D6C2203F456F00863983 /* Release */ = {
			isa = XCBuildConfiguration;
			baseConfigurationReference = 92B99FAFD21F5562973836B1 /* Pods-Easy.release.xcconfig */;
			buildSettings = {
				ASSETCATALOG_COMPILER_APPICON_NAME = AppIcon;
				CODE_SIGN_STYLE = Automatic;
				DEVELOPMENT_TEAM = 3D28X37A5K;
				INFOPLIST_FILE = "$(SRCROOT)/Easy/Resources/Info.plist";
				IPHONEOS_DEPLOYMENT_TARGET = 9.1;
				LD_RUNPATH_SEARCH_PATHS = "$(inherited) @executable_path/Frameworks";
				PRODUCT_BUNDLE_IDENTIFIER = com.novaes.easy.taxi;
				PRODUCT_NAME = "$(TARGET_NAME)";
				SWIFT_VERSION = 4.0;
				TARGETED_DEVICE_FAMILY = 1;
			};
			name = Release;
		};
		4C27D6C4203F456F00863983 /* Debug */ = {
			isa = XCBuildConfiguration;
			baseConfigurationReference = 3B65230CA443830A3A61A40D /* Pods-EasyTests.debug.xcconfig */;
			buildSettings = {
				ALWAYS_EMBED_SWIFT_STANDARD_LIBRARIES = YES;
				BUNDLE_LOADER = "$(TEST_HOST)";
				CODE_SIGN_STYLE = Automatic;
				DEVELOPMENT_TEAM = 3D28X37A5K;
				INFOPLIST_FILE = EasyTests/Info.plist;
				LD_RUNPATH_SEARCH_PATHS = "$(inherited) @executable_path/Frameworks @loader_path/Frameworks";
				PRODUCT_BUNDLE_IDENTIFIER = com.novaes.easy.EasyTests;
				PRODUCT_NAME = "$(TARGET_NAME)";
				SWIFT_VERSION = 4.0;
				TARGETED_DEVICE_FAMILY = "1,2";
				TEST_HOST = "$(BUILT_PRODUCTS_DIR)/Easy.app/Easy";
			};
			name = Debug;
		};
		4C27D6C5203F456F00863983 /* Release */ = {
			isa = XCBuildConfiguration;
			baseConfigurationReference = B4FE9A78A53B907985B5F36B /* Pods-EasyTests.release.xcconfig */;
			buildSettings = {
				ALWAYS_EMBED_SWIFT_STANDARD_LIBRARIES = YES;
				BUNDLE_LOADER = "$(TEST_HOST)";
				CODE_SIGN_STYLE = Automatic;
				DEVELOPMENT_TEAM = 3D28X37A5K;
				INFOPLIST_FILE = EasyTests/Info.plist;
				LD_RUNPATH_SEARCH_PATHS = "$(inherited) @executable_path/Frameworks @loader_path/Frameworks";
				PRODUCT_BUNDLE_IDENTIFIER = com.novaes.easy.EasyTests;
				PRODUCT_NAME = "$(TARGET_NAME)";
				SWIFT_VERSION = 4.0;
				TARGETED_DEVICE_FAMILY = "1,2";
				TEST_HOST = "$(BUILT_PRODUCTS_DIR)/Easy.app/Easy";
			};
			name = Release;
		};
/* End XCBuildConfiguration section */

/* Begin XCConfigurationList section */
		4C27D69E203F456F00863983 /* Build configuration list for PBXProject "Easy" */ = {
			isa = XCConfigurationList;
			buildConfigurations = (
				4C27D6BE203F456F00863983 /* Debug */,
				4C27D6BF203F456F00863983 /* Release */,
			);
			defaultConfigurationIsVisible = 0;
			defaultConfigurationName = Release;
		};
		4C27D6C0203F456F00863983 /* Build configuration list for PBXNativeTarget "Easy" */ = {
			isa = XCConfigurationList;
			buildConfigurations = (
				4C27D6C1203F456F00863983 /* Debug */,
				4C27D6C2203F456F00863983 /* Release */,
			);
			defaultConfigurationIsVisible = 0;
			defaultConfigurationName = Release;
		};
		4C27D6C3203F456F00863983 /* Build configuration list for PBXNativeTarget "EasyTests" */ = {
			isa = XCConfigurationList;
			buildConfigurations = (
				4C27D6C4203F456F00863983 /* Debug */,
				4C27D6C5203F456F00863983 /* Release */,
			);
			defaultConfigurationIsVisible = 0;
			defaultConfigurationName = Release;
		};
/* End XCConfigurationList section */
	};
	rootObject = 4C27D69B203F456F00863983 /* Project object */;
}
